
Microsoft Visual Studio Solution File, Format Version 12.00
# Visual Studio 15
VisualStudioVersion = 15.0.27428.2043
MinimumVisualStudioVersion = 10.0.40219.1
Project("{FAE04EC0-301F-11D3-BF4B-00C04F79EFBC}") = "QRCodeApp", "QRCodeApp\QRCodeApp.csproj", "{AA32A9C8-DC13-4C78-99D6-9B8537A6B5F5}"
EndProject
Global
	GlobalSection(SolutionConfigurationPlatforms) = preSolution
		Debug|Any CPU = Debug|Any CPU
		Release|Any CPU = Release|Any CPU
	EndGlobalSection
	GlobalSection(ProjectConfigurationPlatforms) = postSolution
		{AA32A9C8-DC13-4C78-99D6-9B8537A6B5F5}.Debug|Any CPU.ActiveCfg = Debug|Any CPU
		{AA32A9C8-DC13-4C78-99D6-9B8537A6B5F5}.Debug|Any CPU.Build.0 = Debug|Any CPU
		{AA32A9C8-DC13-4C78-99D6-9B8537A6B5F5}.Release|Any CPU.ActiveCfg = Release|Any CPU
		{AA32A9C8-DC13-4C78-99D6-9B8537A6B5F5}.Release|Any CPU.Build.0 = Release|Any CPU
	EndGlobalSection
	GlobalSection(SolutionProperties) = preSolution
		HideSolutionNode = FALSE
	EndGlobalSection
	GlobalSection(ExtensibilityGlobals) = postSolution
		SolutionGuid = {64F99B88-388B-4242-87B1-92EE23CEC9C6}
	EndGlobalSection
EndGlobal
